<?xml version="1.0" encoding="utf-8"?>
<Project ToolsVersion="4.0" xmlns="http://schemas.microsoft.com/developer/msbuild/2003">
  <ItemGroup>
    <Filter Include="Source Files">
      <UniqueIdentifier>{4FC737F1-C7A5-4376-A066-2A32D752A2FF}</UniqueIdentifier>
      <Extensions>cpp;c;cc;cxx;c++;cppm;ixx;def;odl;idl;hpj;bat;asm;asmx</Extensions>
    </Filter>
    <Filter Include="Header Files">
      <UniqueIdentifier>{93995380-89BD-4b04-88EB-625FBE52EBFB}</UniqueIdentifier>
      <Extensions>h;hh;hpp;hxx;h++;hm;inl;inc;ipp;xsd</Extensions>
    </Filter>
    <Filter Include="Resource Files">
      <UniqueIdentifier>{67DA6AB6-F800-4c08-8B7A-83BB121AAD01}</UniqueIdentifier>
      <Extensions>rc;ico;cur;bmp;dlg;rc2;rct;bin;rgs;gif;jpg;jpeg;jpe;resx;tiff;tif;png;wav;mfcribbon-ms</Extensions>
    </Filter>
    <Filter Include="Config Files">
      <UniqueIdentifier>{8A1D6F33-9B7C-4E2A-B8F5-1234567890AB}</UniqueIdentifier>
    </Filter>
    <Filter Include="Documentation">
      <UniqueIdentifier>{9C2E7F44-AC8D-5F3B-C9G6-2345678901BC}</UniqueIdentifier>
    </Filter>
  </ItemGroup>
  <ItemGroup>
    <ClCompile Include="Group_9_MO2_OS_Emulator.cpp">
      <Filter>Source Files</Filter>
    </ClCompile>
  </ItemGroup>
  <ItemGroup>
    <None Include="mo2_emulator.exe">
      <Filter>Source Files</Filter>
    </None>
  </ItemGroup>
  <ItemGroup>
    <Text Include="config.txt">
      <Filter>Config Files</Filter>
    </Text>
    <Text Include="config_tc4.txt">
      <Filter>Config Files</Filter>
    </Text>
    <Text Include="config_tc5.txt">
      <Filter>Config Files</Filter>
    </Text>
    <Text Include="config_tc6.txt">
      <Filter>Config Files</Filter>
    </Text>
    <Text Include="config_tc7.txt">
      <Filter>Config Files</Filter>
    </Text>
    <Text Include="config_tc8.txt">
      <Filter>Config Files</Filter>
    </Text>
    <Text Include="README.md">
      <Filter>Documentation</Filter>
    </Text>
    <Text Include="MO2_CHANGES_SUMMARY.txt">
      <Filter>Documentation</Filter>
    </Text>
    <Text Include="QUICK_REFERENCE.txt">
      <Filter>Documentation</Filter>
    </Text>
  </ItemGroup>
</Project>